// !$*UTF8*$!
{
	archiveVersion = 1;
	classes = {
	};
	objectVersion = 77;
	objects = {

/* Begin PBXBuildFile section */
		304F42F62F95E816001C3B6B /* AppGlobals.swift in Sources */ = {isa = PBXBuildFile; fileRef = 304F42F52F95E816001C3B6B /* AppGlobals.swift */; };
		3053A9F92F900010008C5419 /* MapView.swift in Sources */ = {isa = PBXBuildFile; fileRef = 3053A9F82F900010008C5419 /* MapView.swift */; };
		3053AA002F901777008C5419 /* SoundProfile.swift in Sources */ = {isa = PBXBuildFile; fileRef = 3053A9FF2F901777008C5419 /* SoundProfile.swift */; };
		3053DCAF2F83718A00241892 /* SoundEvent.swift in Sources */ = {isa = PBXBuildFile; fileRef = 3053DCA92F83718A00241892 /* SoundEvent.swift */; };
		3053DCB12F83718A00241892 /* HardwareCalibration.swift in Sources */ = {isa = PBXBuildFile; fileRef = 3053DC952F83718A00241892 /* HardwareCalibration.swift */; };
		3053DCB22F83718A00241892 /* ClassificationService.swift in Sources */ = {isa = PBXBuildFile; fileRef = 3053DC9A2F83718A00241892 /* ClassificationService.swift */; };
		3053DCB42F83718A00241892 /* FFTProcessor.swift in Sources */ = {isa = PBXBuildFile; fileRef = 3053DC942F83718A00241892 /* FFTProcessor.swift */; };
		3053DCB62F83718A00241892 /* PermissionManager.swift in Sources */ = {isa = PBXBuildFile; fileRef = 3053DC972F83718A00241892 /* PermissionManager.swift */; };
		3053DCB82F83718A00241892 /* AcousticCoordinator.swift in Sources */ = {isa = PBXBuildFile; fileRef = 3053DC932F83718A00241892 /* AcousticCoordinator.swift */; };
		3053DCB92F83718A00241892 /* VigilantEarApp.swift in Sources */ = {isa = PBXBuildFile; fileRef = 3053DC8E2F83718A00241892 /* VigilantEarApp.swift */; };
		3053DCBA2F83718A00241892 /* MicrophoneManager.swift in Sources */ = {isa = PBXBuildFile; fileRef = 3053DC962F83718A00241892 /* MicrophoneManager.swift */; };
		3053DCBB2F83718A00241892 /* ContentView.swift in Sources */ = {isa = PBXBuildFile; fileRef = 3053DCA42F83718A00241892 /* ContentView.swift */; };
		3053DCBC2F83718A00241892 /* DependencyContainer.swift in Sources */ = {isa = PBXBuildFile; fileRef = 3053DC912F83718A00241892 /* DependencyContainer.swift */; };
		3053DCBF2F83718A00241892 /* Assets.xcassets in Resources */ = {isa = PBXBuildFile; fileRef = 3053DCAC2F83718A00241892 /* Assets.xcassets */; };
		30774C912F946CE5008C16E9 /* SystemMonitor.swift in Sources */ = {isa = PBXBuildFile; fileRef = 30774C902F946CE5008C16E9 /* SystemMonitor.swift */; };
		308EF3E72F8755A300885DCB /* StartupVerificationViewModel.swift in Sources */ = {isa = PBXBuildFile; fileRef = 308EF3E62F8755A300885DCB /* StartupVerificationViewModel.swift */; };
		308EF3E92F8755BC00885DCB /* StartupVerificationView.swift in Sources */ = {isa = PBXBuildFile; fileRef = 308EF3E82F8755BC00885DCB /* StartupVerificationView.swift */; };
		30A396432F908D4800D441A0 /* GoogleService-Info.plist in Resources */ = {isa = PBXBuildFile; fileRef = 30A396422F908D4800D441A0 /* GoogleService-Info.plist */; };
		30A396462F908DF700D441A0 /* FirebaseFirestore in Frameworks */ = {isa = PBXBuildFile; productRef = 30A396452F908DF700D441A0 /* FirebaseFirestore */; };
		30A396482F90900700D441A0 /* CloudLogger.swift in Sources */ = {isa = PBXBuildFile; fileRef = 30A396472F90900700D441A0 /* CloudLogger.swift */; };
		30BDE8EE2F9B342600074009 /* TrackedTarget.swift in Sources */ = {isa = PBXBuildFile; fileRef = 30BDE8ED2F9B342600074009 /* TrackedTarget.swift */; };
		30BDE8F02F9B353A00074009 /* RadarMapManager.swift in Sources */ = {isa = PBXBuildFile; fileRef = 30BDE8EF2F9B353A00074009 /* RadarMapManager.swift */; };
		30C55CC52F85FB1900D0B984 /* AcousticProcessingPipeline.swift in Sources */ = {isa = PBXBuildFile; fileRef = 30C55CC42F85FB1500D0B984 /* AcousticProcessingPipeline.swift */; };
		30CD987C2F8DEBA400AE7D0A /* RollingNoiseFloor.swift in Sources */ = {isa = PBXBuildFile; fileRef = 30CD987B2F8DEBA400AE7D0A /* RollingNoiseFloor.swift */; };
		30CD987E2F8DF27100AE7D0A /* SirenDopplerTracker.swift in Sources */ = {isa = PBXBuildFile; fileRef = 30CD987D2F8DF27100AE7D0A /* SirenDopplerTracker.swift */; };
		30D9FE1B2F9C234A006CCAAA /* ShazamResultsObserver.swift in Sources */ = {isa = PBXBuildFile; fileRef = 30D9FE1A2F9C234A006CCAAA /* ShazamResultsObserver.swift */; };
		30D9FE1D2F9C2356006CCAAA /* ThreatResultsObserver.swift in Sources */ = {isa = PBXBuildFile; fileRef = 30D9FE1C2F9C2356006CCAAA /* ThreatResultsObserver.swift */; };
		30FEA0162F9D3FC500FFEE25 /* RoadManager.swift in Sources */ = {isa = PBXBuildFile; fileRef = 30FEA0152F9D3FC500FFEE25 /* RoadManager.swift */; };
/* End PBXBuildFile section */

/* Begin PBXFileReference section */
		304F42F52F95E816001C3B6B /* AppGlobals.swift */ = {isa = PBXFileReference; lastKnownFileType = sourcecode.swift; path = AppGlobals.swift; sourceTree = "<group>"; };
		304F73C52F830A8800F67563 /* VigilantEar.app */ = {isa = PBXFileReference; explicitFileType = wrapper.application; includeInIndex = 0; path = VigilantEar.app; sourceTree = BUILT_PRODUCTS_DIR; };
		3053A9F82F900010008C5419 /* MapView.swift */ = {isa = PBXFileReference; lastKnownFileType = sourcecode.swift; path = MapView.swift; sourceTree = "<group>"; };
		3053A9FF2F901777008C5419 /* SoundProfile.swift */ = {isa = PBXFileReference; lastKnownFileType = sourcecode.swift; path = SoundProfile.swift; sourceTree = "<group>"; };
		3053DC8E2F83718A00241892 /* VigilantEarApp.swift */ = {isa = PBXFileReference; lastKnownFileType = sourcecode.swift; path = VigilantEarApp.swift; sourceTree = "<group>"; };
		3053DC912F83718A00241892 /* DependencyContainer.swift */ = {isa = PBXFileReference; lastKnownFileType = sourcecode.swift; path = DependencyContainer.swift; sourceTree = "<group>"; };
		3053DC932F83718A00241892 /* AcousticCoordinator.swift */ = {isa = PBXFileReference; lastKnownFileType = sourcecode.swift; path = AcousticCoordinator.swift; sourceTree = "<group>"; };
		3053DC942F83718A00241892 /* FFTProcessor.swift */ = {isa = PBXFileReference; lastKnownFileType = sourcecode.swift; path = FFTProcessor.swift; sourceTree = "<group>"; };
		3053DC952F83718A00241892 /* HardwareCalibration.swift */ = {isa = PBXFileReference; lastKnownFileType = sourcecode.swift; path = HardwareCalibration.swift; sourceTree = "<group>"; };
		3053DC962F83718A00241892 /* MicrophoneManager.swift */ = {isa = PBXFileReference; lastKnownFileType = sourcecode.swift; path = MicrophoneManager.swift; sourceTree = "<group>"; };
		3053DC972F83718A00241892 /* PermissionManager.swift */ = {isa = PBXFileReference; lastKnownFileType = sourcecode.swift; path = PermissionManager.swift; sourceTree = "<group>"; };
		3053DC9A2F83718A00241892 /* ClassificationService.swift */ = {isa = PBXFileReference; lastKnownFileType = sourcecode.swift; path = ClassificationService.swift; sourceTree = "<group>"; };
		3053DCA42F83718A00241892 /* ContentView.swift */ = {isa = PBXFileReference; lastKnownFileType = sourcecode.swift; path = ContentView.swift; sourceTree = "<group>"; };
		3053DCA92F83718A00241892 /* SoundEvent.swift */ = {isa = PBXFileReference; lastKnownFileType = sourcecode.swift; path = SoundEvent.swift; sourceTree = "<group>"; };
		3053DCAC2F83718A00241892 /* Assets.xcassets */ = {isa = PBXFileReference; lastKnownFileType = folder.assetcatalog; path = Assets.xcassets; sourceTree = "<group>"; };
		30774C902F946CE5008C16E9 /* SystemMonitor.swift */ = {isa = PBXFileReference; lastKnownFileType = sourcecode.swift; path = SystemMonitor.swift; sourceTree = "<group>"; };
		308EF3E62F8755A300885DCB /* StartupVerificationViewModel.swift */ = {isa = PBXFileReference; lastKnownFileType = sourcecode.swift; path = StartupVerificationViewModel.swift; sourceTree = "<group>"; };
		308EF3E82F8755BC00885DCB /* StartupVerificationView.swift */ = {isa = PBXFileReference; lastKnownFileType = sourcecode.swift; path = StartupVerificationView.swift; sourceTree = "<group>"; };
		308EF3EB2F875A9400885DCB /* Info.plist */ = {isa = PBXFileReference; lastKnownFileType = text.plist; path = Info.plist; sourceTree = "<group>"; };
		30A396422F908D4800D441A0 /* GoogleService-Info.plist */ = {isa = PBXFileReference; lastKnownFileType = text.plist.xml; path = "GoogleService-Info.plist"; sourceTree = "<group>"; };
		30A396472F90900700D441A0 /* CloudLogger.swift */ = {isa = PBXFileReference; lastKnownFileType = sourcecode.swift; path = CloudLogger.swift; sourceTree = "<group>"; };
		30BDE8ED2F9B342600074009 /* TrackedTarget.swift */ = {isa = PBXFileReference; lastKnownFileType = sourcecode.swift; path = TrackedTarget.swift; sourceTree = "<group>"; };
		30BDE8EF2F9B353A00074009 /* RadarMapManager.swift */ = {isa = PBXFileReference; lastKnownFileType = sourcecode.swift; path = RadarMapManager.swift; sourceTree = "<group>"; };
		30C55CC42F85FB1500D0B984 /* AcousticProcessingPipeline.swift */ = {isa = PBXFileReference; lastKnownFileType = sourcecode.swift; path = AcousticProcessingPipeline.swift; sourceTree = "<group>"; };
		30CA44A52F88AB5D0059C1D7 /* Settings.xcconfig */ = {isa = PBXFileReference; lastKnownFileType = text.xcconfig; path = Settings.xcconfig; sourceTree = "<group>"; };
		30CD987B2F8DEBA400AE7D0A /* RollingNoiseFloor.swift */ = {isa = PBXFileReference; lastKnownFileType = sourcecode.swift; path = RollingNoiseFloor.swift; sourceTree = "<group>"; };
		30CD987D2F8DF27100AE7D0A /* SirenDopplerTracker.swift */ = {isa = PBXFileReference; lastKnownFileType = sourcecode.swift; path = SirenDopplerTracker.swift; sourceTree = "<group>"; };
		30D9FE1A2F9C234A006CCAAA /* ShazamResultsObserver.swift */ = {isa = PBXFileReference; lastKnownFileType = sourcecode.swift; path = ShazamResultsObserver.swift; sourceTree = "<group>"; };
		30D9FE1C2F9C2356006CCAAA /* ThreatResultsObserver.swift */ = {isa = PBXFileReference; lastKnownFileType = sourcecode.swift; path = ThreatResultsObserver.swift; sourceTree = "<group>"; };
		30FEA0152F9D3FC500FFEE25 /* RoadManager.swift */ = {isa = PBXFileReference; lastKnownFileType = sourcecode.swift; path = RoadManager.swift; sourceTree = "<group>"; };
/* End PBXFileReference section */

/* Begin PBXFileSystemSynchronizedRootGroup section */
		3044384A2F837A1D00F57539 /* Logging */ = {
			isa = PBXFileSystemSynchronizedRootGroup;
			path = Logging;
			sourceTree = "<group>";
		};
		3053A9FC2F900FA2008C5419 /* Simulators */ = {
			isa = PBXFileSystemSynchronizedRootGroup;
			path = Simulators;
			sourceTree = "<group>";
		};
		30BDE8F32F9B459700074009 /* Dying */ = {
			isa = PBXFileSystemSynchronizedRootGroup;
			path = Dying;
			sourceTree = "<group>";
		};
/* End PBXFileSystemSynchronizedRootGroup section */

/* Begin PBXFrameworksBuildPhase section */
		304F73C22F830A8800F67563 /* Frameworks */ = {
			isa = PBXFrameworksBuildPhase;
			buildActionMask = 2147483647;
			files = (
				30A396462F908DF700D441A0 /* FirebaseFirestore in Frameworks */,
			);
			runOnlyForDeploymentPostprocessing = 0;
		};
/* End PBXFrameworksBuildPhase section */

/* Begin PBXGroup section */
		304F73BC2F830A8800F67563 = {
			isa = PBXGroup;
			children = (
				30CA44A52F88AB5D0059C1D7 /* Settings.xcconfig */,
				3053DCAD2F83718A00241892 /* VigilantEar */,
				304F73C62F830A8800F67563 /* Products */,
			);
			sourceTree = "<group>";
		};
		304F73C62F830A8800F67563 /* Products */ = {
			isa = PBXGroup;
			children = (
				304F73C52F830A8800F67563 /* VigilantEar.app */,
			);
			name = Products;
			sourceTree = "<group>";
		};
		3053DC8F2F83718A00241892 /* App */ = {
			isa = PBXGroup;
			children = (
				3053DC8E2F83718A00241892 /* VigilantEarApp.swift */,
			);
			path = App;
			sourceTree = "<group>";
		};
		3053DC922F83718A00241892 /* Core */ = {
			isa = PBXGroup;
			children = (
				304F42F52F95E816001C3B6B /* AppGlobals.swift */,
				30774C902F946CE5008C16E9 /* SystemMonitor.swift */,
				30A396472F90900700D441A0 /* CloudLogger.swift */,
				3053DC912F83718A00241892 /* DependencyContainer.swift */,
			);
			path = Core;
			sourceTree = "<group>";
		};
		3053DC992F83718A00241892 /* AudioEngine */ = {
			isa = PBXGroup;
			children = (
				30FEA0152F9D3FC500FFEE25 /* RoadManager.swift */,
				30D9FE1C2F9C2356006CCAAA /* ThreatResultsObserver.swift */,
				30D9FE1A2F9C234A006CCAAA /* ShazamResultsObserver.swift */,
				3053A9FF2F901777008C5419 /* SoundProfile.swift */,
				30BDE8EF2F9B353A00074009 /* RadarMapManager.swift */,
				30BDE8ED2F9B342600074009 /* TrackedTarget.swift */,
				30CD987D2F8DF27100AE7D0A /* SirenDopplerTracker.swift */,
				30CD987B2F8DEBA400AE7D0A /* RollingNoiseFloor.swift */,
				30C55CC42F85FB1500D0B984 /* AcousticProcessingPipeline.swift */,
				3053DC932F83718A00241892 /* AcousticCoordinator.swift */,
				3053DC942F83718A00241892 /* FFTProcessor.swift */,
				3053DC952F83718A00241892 /* HardwareCalibration.swift */,
				3053DC962F83718A00241892 /* MicrophoneManager.swift */,
				3053DC972F83718A00241892 /* PermissionManager.swift */,
			);
			path = AudioEngine;
			sourceTree = "<group>";
		};
		3053DC9B2F83718A00241892 /* Classification */ = {
			isa = PBXGroup;
			children = (
				3053DC9A2F83718A00241892 /* ClassificationService.swift */,
			);
			path = Classification;
			sourceTree = "<group>";
		};
		3053DCA52F83718A00241892 /* UI */ = {
			isa = PBXGroup;
			children = (
				3053A9F82F900010008C5419 /* MapView.swift */,
				308EF3E82F8755BC00885DCB /* StartupVerificationView.swift */,
				3053DCA42F83718A00241892 /* ContentView.swift */,
			);
			path = UI;
			sourceTree = "<group>";
		};
		3053DCA62F83718A00241892 /* Features */ = {
			isa = PBXGroup;
			children = (
				3053A9FC2F900FA2008C5419 /* Simulators */,
				3044384A2F837A1D00F57539 /* Logging */,
				3053DC992F83718A00241892 /* AudioEngine */,
				3053DC9B2F83718A00241892 /* Classification */,
				3053DCA52F83718A00241892 /* UI */,
			);
			path = Features;
			sourceTree = "<group>";
		};
		3053DCAA2F83718A00241892 /* Models */ = {
			isa = PBXGroup;
			children = (
				3053DCA92F83718A00241892 /* SoundEvent.swift */,
				308EF3E62F8755A300885DCB /* StartupVerificationViewModel.swift */,
			);
			path = Models;
			sourceTree = "<group>";
		};
		3053DCAB2F83718A00241892 /* Sources */ = {
			isa = PBXGroup;
			children = (
				30BDE8F32F9B459700074009 /* Dying */,
				3053DC8F2F83718A00241892 /* App */,
				3053DC922F83718A00241892 /* Core */,
				3053DCA62F83718A00241892 /* Features */,
				3053DCAA2F83718A00241892 /* Models */,
			);
			path = Sources;
			sourceTree = "<group>";
		};
		3053DCAD2F83718A00241892 /* VigilantEar */ = {
			isa = PBXGroup;
			children = (
				30A396422F908D4800D441A0 /* GoogleService-Info.plist */,
				308EF3EB2F875A9400885DCB /* Info.plist */,
				3053DCAB2F83718A00241892 /* Sources */,
				3053DCAC2F83718A00241892 /* Assets.xcassets */,
			);
			path = VigilantEar;
			sourceTree = "<group>";
		};
/* End PBXGroup section */

/* Begin PBXNativeTarget section */
		304F73C42F830A8800F67563 /* VigilantEar */ = {
			isa = PBXNativeTarget;
			buildConfigurationList = 304F73D02F830A8900F67563 /* Build configuration list for PBXNativeTarget "VigilantEar" */;
			buildPhases = (
				304F73C12F830A8800F67563 /* Sources */,
				304F73C22F830A8800F67563 /* Frameworks */,
				304F73C32F830A8800F67563 /* Resources */,
			);
			buildRules = (
			);
			dependencies = (
			);
			fileSystemSynchronizedGroups = (
				3044384A2F837A1D00F57539 /* Logging */,
				3053A9FC2F900FA2008C5419 /* Simulators */,
				30BDE8F32F9B459700074009 /* Dying */,
			);
			name = VigilantEar;
			packageProductDependencies = (
				30A396452F908DF700D441A0 /* FirebaseFirestore */,
			);
			productName = VigilantEar;
			productReference = 304F73C52F830A8800F67563 /* VigilantEar.app */;
			productType = "com.apple.product-type.application";
		};
/* End PBXNativeTarget section */

/* Begin PBXProject section */
		304F73BD2F830A8800F67563 /* Project object */ = {
			isa = PBXProject;
			attributes = {
				BuildIndependentTargetsInParallel = 1;
				LastSwiftUpdateCheck = 2640;
				LastUpgradeCheck = 2640;
				TargetAttributes = {
					304F73C42F830A8800F67563 = {
						CreatedOnToolsVersion = 26.4;
					};
				};
			};
			buildConfigurationList = 304F73C02F830A8800F67563 /* Build configuration list for PBXProject "VigilantEar" */;
			developmentRegion = en;
			hasScannedForEncodings = 0;
			knownRegions = (
				en,
				Base,
			);
			mainGroup = 304F73BC2F830A8800F67563;
			minimizedProjectReferenceProxies = 1;
			packageReferences = (
				30A396442F908DF700D441A0 /* XCRemoteSwiftPackageReference "firebase-ios-sdk" */,
			);
			preferredProjectObjectVersion = 77;
			productRefGroup = 304F73C62F830A8800F67563 /* Products */;
			projectDirPath = "";
			projectRoot = "";
			targets = (
				304F73C42F830A8800F67563 /* VigilantEar */,
			);
		};
/* End PBXProject section */

/* Begin PBXResourcesBuildPhase section */
		304F73C32F830A8800F67563 /* Resources */ = {
			isa = PBXResourcesBuildPhase;
			buildActionMask = 2147483647;
			files = (
				3053DCBF2F83718A00241892 /* Assets.xcassets in Resources */,
				30A396432F908D4800D441A0 /* GoogleService-Info.plist in Resources */,
			);
			runOnlyForDeploymentPostprocessing = 0;
		};
/* End PBXResourcesBuildPhase section */

/* Begin PBXSourcesBuildPhase section */
		304F73C12F830A8800F67563 /* Sources */ = {
			isa = PBXSourcesBuildPhase;
			buildActionMask = 2147483647;
			files = (
				308EF3E92F8755BC00885DCB /* StartupVerificationView.swift in Sources */,
				30774C912F946CE5008C16E9 /* SystemMonitor.swift in Sources */,
				3053DCAF2F83718A00241892 /* SoundEvent.swift in Sources */,
				30D9FE1D2F9C2356006CCAAA /* ThreatResultsObserver.swift in Sources */,
				30BDE8F02F9B353A00074009 /* RadarMapManager.swift in Sources */,
				30A396482F90900700D441A0 /* CloudLogger.swift in Sources */,
				3053AA002F901777008C5419 /* SoundProfile.swift in Sources */,
				304F42F62F95E816001C3B6B /* AppGlobals.swift in Sources */,
				3053DCB12F83718A00241892 /* HardwareCalibration.swift in Sources */,
				30C55CC52F85FB1900D0B984 /* AcousticProcessingPipeline.swift in Sources */,
				3053DCB22F83718A00241892 /* ClassificationService.swift in Sources */,
				3053A9F92F900010008C5419 /* MapView.swift in Sources */,
				30CD987E2F8DF27100AE7D0A /* SirenDopplerTracker.swift in Sources */,
				30BDE8EE2F9B342600074009 /* TrackedTarget.swift in Sources */,
				3053DCB42F83718A00241892 /* FFTProcessor.swift in Sources */,
				308EF3E72F8755A300885DCB /* StartupVerificationViewModel.swift in Sources */,
				3053DCB62F83718A00241892 /* PermissionManager.swift in Sources */,
				3053DCB82F83718A00241892 /* AcousticCoordinator.swift in Sources */,
				3053DCB92F83718A00241892 /* VigilantEarApp.swift in Sources */,
				3053DCBA2F83718A00241892 /* MicrophoneManager.swift in Sources */,
				3053DCBB2F83718A00241892 /* ContentView.swift in Sources */,
				30D9FE1B2F9C234A006CCAAA /* ShazamResultsObserver.swift in Sources */,
				30CD987C2F8DEBA400AE7D0A /* RollingNoiseFloor.swift in Sources */,
				30FEA0162F9D3FC500FFEE25 /* RoadManager.swift in Sources */,
				3053DCBC2F83718A00241892 /* DependencyContainer.swift in Sources */,
			);
			runOnlyForDeploymentPostprocessing = 0;
		};
/* End PBXSourcesBuildPhase section */

/* Begin XCBuildConfiguration section */
		304F73CE2F830A8900F67563 /* Debug */ = {
			isa = XCBuildConfiguration;
			buildSettings = {
				ALWAYS_SEARCH_USER_PATHS = NO;
				ASSETCATALOG_COMPILER_GENERATE_SWIFT_ASSET_SYMBOL_EXTENSIONS = YES;
				CLANG_ANALYZER_NONNULL = YES;
				CLANG_ANALYZER_NUMBER_OBJECT_CONVERSION = YES_AGGRESSIVE;
				CLANG_CXX_LANGUAGE_STANDARD = "gnu++20";
				CLANG_ENABLE_MODULES = YES;
				CLANG_ENABLE_OBJC_ARC = YES;
				CLANG_ENABLE_OBJC_WEAK = YES;
				CLANG_WARN_BLOCK_CAPTURE_AUTORELEASING = YES;
				CLANG_WARN_BOOL_CONVERSION = YES;
				CLANG_WARN_COMMA = YES;
				CLANG_WARN_CONSTANT_CONVERSION = YES;
				CLANG_WARN_DEPRECATED_OBJC_IMPLEMENTATIONS = YES;
				CLANG_WARN_DIRECT_OBJC_ISA_USAGE = YES_ERROR;
				CLANG_WARN_DOCUMENTATION_COMMENTS = YES;
				CLANG_WARN_EMPTY_BODY = YES;
				CLANG_WARN_ENUM_CONVERSION = YES;
				CLANG_WARN_INFINITE_RECURSION = YES;
				CLANG_WARN_INT_CONVERSION = YES;
				CLANG_WARN_NON_LITERAL_NULL_CONVERSION = YES;
				CLANG_WARN_OBJC_IMPLICIT_RETAIN_SELF = YES;
				CLANG_WARN_OBJC_LITERAL_CONVERSION = YES;
				CLANG_WARN_OBJC_ROOT_CLASS = YES_ERROR;
				CLANG_WARN_QUOTED_INCLUDE_IN_FRAMEWORK_HEADER = YES;
				CLANG_WARN_RANGE_LOOP_ANALYSIS = YES;
				CLANG_WARN_STRICT_PROTOTYPES = YES;
				CLANG_WARN_SUSPICIOUS_MOVE = YES;
				CLANG_WARN_UNGUARDED_AVAILABILITY = YES_AGGRESSIVE;
				CLANG_WARN_UNREACHABLE_CODE = YES;
				CLANG_WARN__DUPLICATE_METHOD_MATCH = YES;
				COPY_PHASE_STRIP = NO;
				DEBUG_INFORMATION_FORMAT = dwarf;
				DEVELOPMENT_TEAM = 99T9ZS3UCQ;
				ENABLE_STRICT_OBJC_MSGSEND = YES;
				ENABLE_TESTABILITY = YES;
				ENABLE_USER_SCRIPT_SANDBOXING = YES;
				GCC_C_LANGUAGE_STANDARD = gnu17;
				GCC_DYNAMIC_NO_PIC = NO;
				GCC_NO_COMMON_BLOCKS = YES;
				GCC_OPTIMIZATION_LEVEL = 0;
				GCC_PREPROCESSOR_DEFINITIONS = (
					"DEBUG=1",
					"$(inherited)",
				);
				GCC_WARN_64_TO_32_BIT_CONVERSION = YES;
				GCC_WARN_ABOUT_RETURN_TYPE = YES_ERROR;
				GCC_WARN_UNDECLARED_SELECTOR = YES;
				GCC_WARN_UNINITIALIZED_AUTOS = YES_AGGRESSIVE;
				GCC_WARN_UNUSED_FUNCTION = YES;
				GCC_WARN_UNUSED_VARIABLE = YES;
				IPHONEOS_DEPLOYMENT_TARGET = 26.4;
				LOCALIZATION_PREFERS_STRING_CATALOGS = YES;
				MTL_ENABLE_DEBUG_INFO = INCLUDE_SOURCE;
				MTL_FAST_MATH = YES;
				ONLY_ACTIVE_ARCH = YES;
				SDKROOT = iphoneos;
				SWIFT_ACTIVE_COMPILATION_CONDITIONS = "DEBUG $(inherited)";
				SWIFT_OPTIMIZATION_LEVEL = "-Onone";
			};
			name = Debug;
		};
		304F73CF2F830A8900F67563 /* Release */ = {
			isa = XCBuildConfiguration;
			buildSettings = {
				ALWAYS_SEARCH_USER_PATHS = NO;
				ASSETCATALOG_COMPILER_GENERATE_SWIFT_ASSET_SYMBOL_EXTENSIONS = YES;
				CLANG_ANALYZER_NONNULL = YES;
				CLANG_ANALYZER_NUMBER_OBJECT_CONVERSION = YES_AGGRESSIVE;
				CLANG_CXX_LANGUAGE_STANDARD = "gnu++20";
				CLANG_ENABLE_MODULES = YES;
				CLANG_ENABLE_OBJC_ARC = YES;
				CLANG_ENABLE_OBJC_WEAK = YES;
				CLANG_WARN_BLOCK_CAPTURE_AUTORELEASING = YES;
				CLANG_WARN_BOOL_CONVERSION = YES;
				CLANG_WARN_COMMA = YES;
				CLANG_WARN_CONSTANT_CONVERSION = YES;
				CLANG_WARN_DEPRECATED_OBJC_IMPLEMENTATIONS = YES;
				CLANG_WARN_DIRECT_OBJC_ISA_USAGE = YES_ERROR;
				CLANG_WARN_DOCUMENTATION_COMMENTS = YES;
				CLANG_WARN_EMPTY_BODY = YES;
				CLANG_WARN_ENUM_CONVERSION = YES;
				CLANG_WARN_INFINITE_RECURSION = YES;
				CLANG_WARN_INT_CONVERSION = YES;
				CLANG_WARN_NON_LITERAL_NULL_CONVERSION = YES;
				CLANG_WARN_OBJC_IMPLICIT_RETAIN_SELF = YES;
				CLANG_WARN_OBJC_LITERAL_CONVERSION = YES;
				CLANG_WARN_OBJC_ROOT_CLASS = YES_ERROR;
				CLANG_WARN_QUOTED_INCLUDE_IN_FRAMEWORK_HEADER = YES;
				CLANG_WARN_RANGE_LOOP_ANALYSIS = YES;
				CLANG_WARN_STRICT_PROTOTYPES = YES;
				CLANG_WARN_SUSPICIOUS_MOVE = YES;
				CLANG_WARN_UNGUARDED_AVAILABILITY = YES_AGGRESSIVE;
				CLANG_WARN_UNREACHABLE_CODE = YES;
				CLANG_WARN__DUPLICATE_METHOD_MATCH = YES;
				COPY_PHASE_STRIP = NO;
				DEBUG_INFORMATION_FORMAT = "dwarf-with-dsym";
				DEVELOPMENT_TEAM = 99T9ZS3UCQ;
				ENABLE_NS_ASSERTIONS = NO;
				ENABLE_STRICT_OBJC_MSGSEND = YES;
				ENABLE_USER_SCRIPT_SANDBOXING = YES;
				GCC_C_LANGUAGE_STANDARD = gnu17;
				GCC_NO_COMMON_BLOCKS = YES;
				GCC_WARN_64_TO_32_BIT_CONVERSION = YES;
				GCC_WARN_ABOUT_RETURN_TYPE = YES_ERROR;
				GCC_WARN_UNDECLARED_SELECTOR = YES;
				GCC_WARN_UNINITIALIZED_AUTOS = YES_AGGRESSIVE;
				GCC_WARN_UNUSED_FUNCTION = YES;
				GCC_WARN_UNUSED_VARIABLE = YES;
				IPHONEOS_DEPLOYMENT_TARGET = 26.4;
				LOCALIZATION_PREFERS_STRING_CATALOGS = YES;
				MTL_ENABLE_DEBUG_INFO = NO;
				MTL_FAST_MATH = YES;
				SDKROOT = iphoneos;
				SWIFT_COMPILATION_MODE = wholemodule;
				VALIDATE_PRODUCT = YES;
			};
			name = Release;
		};
		304F73D12F830A8900F67563 /* Debug */ = {
			isa = XCBuildConfiguration;
			buildSettings = {
				ASSETCATALOG_COMPILER_APPICON_NAME = AppIcon;
				ASSETCATALOG_COMPILER_GLOBAL_ACCENT_COLOR_NAME = AccentColor;
				CODE_SIGN_ENTITLEMENTS = VigilantEar/VigilantEar.entitlements;
				CODE_SIGN_STYLE = Automatic;
				CURRENT_PROJECT_VERSION = 1;
				DEVELOPMENT_TEAM = 99T9ZS3UCQ;
				ENABLE_PREVIEWS = YES;
				GENERATE_INFOPLIST_FILE = YES;
				INFOPLIST_FILE = VigilantEar/Info.plist;
				INFOPLIST_KEY_CFBundleDisplayName = VigilantEar;
				INFOPLIST_KEY_NSLocationWhenInUseUsageDescription = "VigilantEar requires your location to map acoustic threats around you.";
				INFOPLIST_KEY_NSMicrophoneUsageDescription = "VigilantEar uses the millisecond delay between sound captures to calculate distance.";
				INFOPLIST_KEY_NSMotionUsageDescription = "VigilantEar uses the device's motion sensors to determine the real-world direction of detected sounds.";
				INFOPLIST_KEY_UIApplicationSceneManifest_Generation = YES;
				INFOPLIST_KEY_UIApplicationSupportsIndirectInputEvents = YES;
				INFOPLIST_KEY_UILaunchScreen_Generation = YES;
				INFOPLIST_KEY_UIStatusBarStyle = "";
				INFOPLIST_KEY_UISupportedInterfaceOrientations = "UIInterfaceOrientationLandscapeLeft UIInterfaceOrientationLandscapeRight UIInterfaceOrientationPortrait UIInterfaceOrientationPortraitUpsideDown";
				LD_RUNPATH_SEARCH_PATHS = (
					"$(inherited)",
					"@executable_path/Frameworks",
				);
				MARKETING_VERSION = 1.0;
				PRODUCT_BUNDLE_IDENTIFIER = "com.rpalm01-star.VigilantEar";
				PRODUCT_NAME = "$(TARGET_NAME)";
				STRING_CATALOG_GENERATE_SYMBOLS = YES;
				SUPPORTED_PLATFORMS = "iphoneos iphonesimulator";
				SUPPORTS_MACCATALYST = NO;
				SUPPORTS_XR_DESIGNED_FOR_IPHONE_IPAD = NO;
				SWIFT_APPROACHABLE_CONCURRENCY = YES;
				SWIFT_DEFAULT_ACTOR_ISOLATION = MainActor;
				SWIFT_EMIT_LOC_STRINGS = YES;
				SWIFT_UPCOMING_FEATURE_MEMBER_IMPORT_VISIBILITY = YES;
				SWIFT_VERSION = 5.0;
				TARGETED_DEVICE_FAMILY = 1;
			};
			name = Debug;
		};
		304F73D22F830A8900F67563 /* Release */ = {
			isa = XCBuildConfiguration;
			buildSettings = {
				ASSETCATALOG_COMPILER_APPICON_NAME = AppIcon;
				ASSETCATALOG_COMPILER_GLOBAL_ACCENT_COLOR_NAME = AccentColor;
				CODE_SIGN_ENTITLEMENTS = VigilantEar/VigilantEar.entitlements;
				CODE_SIGN_STYLE = Automatic;
				CURRENT_PROJECT_VERSION = 1;
				DEVELOPMENT_TEAM = 99T9ZS3UCQ;
				ENABLE_PREVIEWS = YES;
				GENERATE_INFOPLIST_FILE = YES;
				INFOPLIST_FILE = VigilantEar/Info.plist;
				INFOPLIST_KEY_CFBundleDisplayName = VigilantEar;
				INFOPLIST_KEY_NSLocationWhenInUseUsageDescription = "VigilantEar requires your location to map acoustic threats around you.";
				INFOPLIST_KEY_NSMicrophoneUsageDescription = "VigilantEar uses the millisecond delay between sound captures to calculate distance.";
				INFOPLIST_KEY_NSMotionUsageDescription = "VigilantEar uses the device's motion sensors to determine the real-world direction of detected sounds.";
				INFOPLIST_KEY_UIApplicationSceneManifest_Generation = YES;
				INFOPLIST_KEY_UIApplicationSupportsIndirectInputEvents = YES;
				INFOPLIST_KEY_UILaunchScreen_Generation = YES;
				INFOPLIST_KEY_UIStatusBarStyle = "";
				INFOPLIST_KEY_UISupportedInterfaceOrientations = "UIInterfaceOrientationLandscapeLeft UIInterfaceOrientationLandscapeRight UIInterfaceOrientationPortrait UIInterfaceOrientationPortraitUpsideDown";
				LD_RUNPATH_SEARCH_PATHS = (
					"$(inherited)",
					"@executable_path/Frameworks",
				);
				MARKETING_VERSION = 1.0;
				PRODUCT_BUNDLE_IDENTIFIER = "com.rpalm01-star.VigilantEar";
				PRODUCT_NAME = "$(TARGET_NAME)";
				STRING_CATALOG_GENERATE_SYMBOLS = YES;
				SUPPORTED_PLATFORMS = "iphoneos iphonesimulator";
				SUPPORTS_MACCATALYST = NO;
				SUPPORTS_XR_DESIGNED_FOR_IPHONE_IPAD = NO;
				SWIFT_APPROACHABLE_CONCURRENCY = YES;
				SWIFT_DEFAULT_ACTOR_ISOLATION = MainActor;
				SWIFT_EMIT_LOC_STRINGS = YES;
				SWIFT_UPCOMING_FEATURE_MEMBER_IMPORT_VISIBILITY = YES;
				SWIFT_VERSION = 5.0;
				TARGETED_DEVICE_FAMILY = 1;
			};
			name = Release;
		};
/* End XCBuildConfiguration section */

/* Begin XCConfigurationList section */
		304F73C02F830A8800F67563 /* Build configuration list for PBXProject "VigilantEar" */ = {
			isa = XCConfigurationList;
			buildConfigurations = (
				304F73CE2F830A8900F67563 /* Debug */,
				304F73CF2F830A8900F67563 /* Release */,
			);
			defaultConfigurationIsVisible = 0;
			defaultConfigurationName = Release;
		};
		304F73D02F830A8900F67563 /* Build configuration list for PBXNativeTarget "VigilantEar" */ = {
			isa = XCConfigurationList;
			buildConfigurations = (
				304F73D12F830A8900F67563 /* Debug */,
				304F73D22F830A8900F67563 /* Release */,
			);
			defaultConfigurationIsVisible = 0;
			defaultConfigurationName = Release;
		};
/* End XCConfigurationList section */

/* Begin XCRemoteSwiftPackageReference section */
		30A396442F908DF700D441A0 /* XCRemoteSwiftPackageReference "firebase-ios-sdk" */ = {
			isa = XCRemoteSwiftPackageReference;
			repositoryURL = "https://github.com/firebase/firebase-ios-sdk";
			requirement = {
				kind = upToNextMajorVersion;
				minimumVersion = 12.12.0;
			};
		};
/* End XCRemoteSwiftPackageReference section */

/* Begin XCSwiftPackageProductDependency section */
		30A396452F908DF700D441A0 /* FirebaseFirestore */ = {
			isa = XCSwiftPackageProductDependency;
			package = 30A396442F908DF700D441A0 /* XCRemoteSwiftPackageReference "firebase-ios-sdk" */;
			productName = FirebaseFirestore;
		};
/* End XCSwiftPackageProductDependency section */
	};
	rootObject = 304F73BD2F830A8800F67563 /* Project object */;
}
